
Microsoft Visual Studio Solution File, Format Version 12.00
# Visual Studio Version 17
VisualStudioVersion = 17.12.35527.113 d17.12
MinimumVisualStudioVersion = 10.0.40219.1
Project("{FAE04EC0-301F-11D3-BF4B-00C04F79EFBC}") = "Stalker", "Stalker.csproj", "{2278465C-52FF-426B-9E57-A7A2A4AE8BB3}"
EndProject
Global
	GlobalSection(SolutionConfigurationPlatforms) = preSolution
		Debug|Any CPU = Debug|Any CPU
		Release|Any CPU = Release|Any CPU
	EndGlobalSection
	GlobalSection(ProjectConfigurationPlatforms) = postSolution
		{2278465C-52FF-426B-9E57-A7A2A4AE8BB3}.Debug|Any CPU.ActiveCfg = Debug|x64
		{2278465C-52FF-426B-9E57-A7A2A4AE8BB3}.Debug|Any CPU.Build.0 = Debug|x64
		{2278465C-52FF-426B-9E57-A7A2A4AE8BB3}.Release|Any CPU.ActiveCfg = Release|x64
		{2278465C-52FF-426B-9E57-A7A2A4AE8BB3}.Release|Any CPU.Build.0 = Release|x64
	EndGlobalSection
	GlobalSection(SolutionProperties) = preSolution
		HideSolutionNode = FALSE
	EndGlobalSection
EndGlobal
